// !$*UTF8*$!
{
	archiveVersion = 1;
	classes = {
	};
	objectVersion = 46;
	objects = {

/* Begin PBXBuildFile section */
		D2100FE819375875008E4D72 /* Foundation.framework in Frameworks */ = {isa = PBXBuildFile; fileRef = D2100FE719375875008E4D72 /* Foundation.framework */; };
		D2100FEA19375875008E4D72 /* CoreGraphics.framework in Frameworks */ = {isa = PBXBuildFile; fileRef = D2100FE919375875008E4D72 /* CoreGraphics.framework */; };
		D2100FEC19375875008E4D72 /* UIKit.framework in Frameworks */ = {isa = PBXBuildFile; fileRef = D2100FEB19375875008E4D72 /* UIKit.framework */; };
		D2100FF419375875008E4D72 /* InfoPlist.strings in Resources */ = {isa = PBXBuildFile; fileRef = D2100FF219375875008E4D72 /* InfoPlist.strings */; };
		D2100FF619375875008E4D72 /* main.m in Sources */ = {isa = PBXBuildFile; fileRef = D2100FF519375875008E4D72 /* main.m */; };
		D2100FFA19375875008E4D72 /* MJAppDelegate.m in Sources */ = {isa = PBXBuildFile; fileRef = D2100FF919375875008E4D72 /* MJAppDelegate.m */; };
		D2100FFF19375875008E4D72 /* Images.xcassets in Resources */ = {isa = PBXBuildFile; fileRef = D2100FFE19375875008E4D72 /* Images.xcassets */; };
		D210100619375875008E4D72 /* XCTest.framework in Frameworks */ = {isa = PBXBuildFile; fileRef = D210100519375875008E4D72 /* XCTest.framework */; };
		D210100719375875008E4D72 /* Foundation.framework in Frameworks */ = {isa = PBXBuildFile; fileRef = D2100FE719375875008E4D72 /* Foundation.framework */; };
		D210100819375875008E4D72 /* UIKit.framework in Frameworks */ = {isa = PBXBuildFile; fileRef = D2100FEB19375875008E4D72 /* UIKit.framework */; };
		D210100919375875008E4D72 /* CoreData.framework in Frameworks */ = {isa = PBXBuildFile; fileRef = D2100FED19375875008E4D72 /* CoreData.framework */; };
		D210101119375875008E4D72 /* InfoPlist.strings in Resources */ = {isa = PBXBuildFile; fileRef = D210100F19375875008E4D72 /* InfoPlist.strings */; };
		D210101319375875008E4D72 /* AlertViewTests.m in Sources */ = {isa = PBXBuildFile; fileRef = D210101219375875008E4D72 /* AlertViewTests.m */; };
		D210101E19375954008E4D72 /* MJAlertViewManager.m in Sources */ = {isa = PBXBuildFile; fileRef = D210101D19375954008E4D72 /* MJAlertViewManager.m */; };
		D21010211937595D008E4D72 /* MJAlertView.m in Sources */ = {isa = PBXBuildFile; fileRef = D21010201937595D008E4D72 /* MJAlertView.m */; };
		D210102519375B00008E4D72 /* MJViewController.m in Sources */ = {isa = PBXBuildFile; fileRef = D210102319375B00008E4D72 /* MJViewController.m */; };
		D210102619375B00008E4D72 /* MJViewController.xib in Resources */ = {isa = PBXBuildFile; fileRef = D210102419375B00008E4D72 /* MJViewController.xib */; };
/* End PBXBuildFile section */

/* Begin PBXContainerItemProxy section */
		D210100A19375875008E4D72 /* PBXContainerItemProxy */ = {
			isa = PBXContainerItemProxy;
			containerPortal = D2100FDC19375875008E4D72 /* Project object */;
			proxyType = 1;
			remoteGlobalIDString = D2100FE319375875008E4D72;
			remoteInfo = AlertView;
		};
/* End PBXContainerItemProxy section */

/* Begin PBXFileReference section */
		D2100FE419375875008E4D72 /* AlertView.app */ = {isa = PBXFileReference; explicitFileType = wrapper.application; includeInIndex = 0; path = AlertView.app; sourceTree = BUILT_PRODUCTS_DIR; };
		D2100FE719375875008E4D72 /* Foundation.framework */ = {isa = PBXFileReference; lastKnownFileType = wrapper.framework; name = Foundation.framework; path = System/Library/Frameworks/Foundation.framework; sourceTree = SDKROOT; };
		D2100FE919375875008E4D72 /* CoreGraphics.framework */ = {isa = PBXFileReference; lastKnownFileType = wrapper.framework; name = CoreGraphics.framework; path = System/Library/Frameworks/CoreGraphics.framework; sourceTree = SDKROOT; };
		D2100FEB19375875008E4D72 /* UIKit.framework */ = {isa = PBXFileReference; lastKnownFileType = wrapper.framework; name = UIKit.framework; path = System/Library/Frameworks/UIKit.framework; sourceTree = SDKROOT; };
		D2100FED19375875008E4D72 /* CoreData.framework */ = {isa = PBXFileReference; lastKnownFileType = wrapper.framework; name = CoreData.framework; path = System/Library/Frameworks/CoreData.framework; sourceTree = SDKROOT; };
		D2100FF119375875008E4D72 /* AlertView-Info.plist */ = {isa = PBXFileReference; lastKnownFileType = text.plist.xml; path = "AlertView-Info.plist"; sourceTree = "<group>"; };
		D2100FF319375875008E4D72 /* en */ = {isa = PBXFileReference; lastKnownFileType = text.plist.strings; name = en; path = en.lproj/InfoPlist.strings; sourceTree = "<group>"; };
		D2100FF519375875008E4D72 /* main.m */ = {isa = PBXFileReference; lastKnownFileType = sourcecode.c.objc; path = main.m; sourceTree = "<group>"; };
		D2100FF719375875008E4D72 /* AlertView-Prefix.pch */ = {isa = PBXFileReference; lastKnownFileType = sourcecode.c.h; path = "AlertView-Prefix.pch"; sourceTree = "<group>"; };
		D2100FF819375875008E4D72 /* MJAppDelegate.h */ = {isa = PBXFileReference; lastKnownFileType = sourcecode.c.h; path = MJAppDelegate.h; sourceTree = "<group>"; };
		D2100FF919375875008E4D72 /* MJAppDelegate.m */ = {isa = PBXFileReference; lastKnownFileType = sourcecode.c.objc; path = MJAppDelegate.m; sourceTree = "<group>"; };
		D2100FFE19375875008E4D72 /* Images.xcassets */ = {isa = PBXFileReference; lastKnownFileType = folder.assetcatalog; path = Images.xcassets; sourceTree = "<group>"; };
		D210100419375875008E4D72 /* AlertViewTests.xctest */ = {isa = PBXFileReference; explicitFileType = wrapper.cfbundle; includeInIndex = 0; path = AlertViewTests.xctest; sourceTree = BUILT_PRODUCTS_DIR; };
		D210100519375875008E4D72 /* XCTest.framework */ = {isa = PBXFileReference; lastKnownFileType = wrapper.framework; name = XCTest.framework; path = Library/Frameworks/XCTest.framework; sourceTree = DEVELOPER_DIR; };
		D210100E19375875008E4D72 /* AlertViewTests-Info.plist */ = {isa = PBXFileReference; lastKnownFileType = text.plist.xml; path = "AlertViewTests-Info.plist"; sourceTree = "<group>"; };
		D210101019375875008E4D72 /* en */ = {isa = PBXFileReference; lastKnownFileType = text.plist.strings; name = en; path = en.lproj/InfoPlist.strings; sourceTree = "<group>"; };
		D210101219375875008E4D72 /* AlertViewTests.m */ = {isa = PBXFileReference; lastKnownFileType = sourcecode.c.objc; path = AlertViewTests.m; sourceTree = "<group>"; };
		D210101C19375954008E4D72 /* MJAlertViewManager.h */ = {isa = PBXFileReference; fileEncoding = 4; lastKnownFileType = sourcecode.c.h; name = MJAlertViewManager.h; path = ../../MJAlertViewManager.h; sourceTree = "<group>"; };
		D210101D19375954008E4D72 /* MJAlertViewManager.m */ = {isa = PBXFileReference; fileEncoding = 4; lastKnownFileType = sourcecode.c.objc; name = MJAlertViewManager.m; path = ../../MJAlertViewManager.m; sourceTree = "<group>"; };
		D210101F1937595D008E4D72 /* MJAlertView.h */ = {isa = PBXFileReference; fileEncoding = 4; lastKnownFileType = sourcecode.c.h; path = MJAlertView.h; sourceTree = "<group>"; };
		D21010201937595D008E4D72 /* MJAlertView.m */ = {isa = PBXFileReference; fileEncoding = 4; lastKnownFileType = sourcecode.c.objc; path = MJAlertView.m; sourceTree = "<group>"; };
		D210102219375B00008E4D72 /* MJViewController.h */ = {isa = PBXFileReference; fileEncoding = 4; lastKnownFileType = sourcecode.c.h; path = MJViewController.h; sourceTree = "<group>"; };
		D210102319375B00008E4D72 /* MJViewController.m */ = {isa = PBXFileReference; fileEncoding = 4; lastKnownFileType = sourcecode.c.objc; path = MJViewController.m; sourceTree = "<group>"; };
		D210102419375B00008E4D72 /* MJViewController.xib */ = {isa = PBXFileReference; fileEncoding = 4; lastKnownFileType = file.xib; path = MJViewController.xib; sourceTree = "<group>"; };
/* End PBXFileReference section */

/* Begin PBXFrameworksBuildPhase section */
		D2100FE119375875008E4D72 /* Frameworks */ = {
			isa = PBXFrameworksBuildPhase;
			buildActionMask = 2147483647;
			files = (
				D2100FEA19375875008E4D72 /* CoreGraphics.framework in Frameworks */,
				D2100FEC19375875008E4D72 /* UIKit.framework in Frameworks */,
				D2100FE819375875008E4D72 /* Foundation.framework in Frameworks */,
			);
			runOnlyForDeploymentPostprocessing = 0;
		};
		D210100119375875008E4D72 /* Frameworks */ = {
			isa = PBXFrameworksBuildPhase;
			buildActionMask = 2147483647;
			files = (
				D210100619375875008E4D72 /* XCTest.framework in Frameworks */,
				D210100919375875008E4D72 /* CoreData.framework in Frameworks */,
				D210100819375875008E4D72 /* UIKit.framework in Frameworks */,
				D210100719375875008E4D72 /* Foundation.framework in Frameworks */,
			);
			runOnlyForDeploymentPostprocessing = 0;
		};
/* End PBXFrameworksBuildPhase section */

/* Begin PBXGroup section */
		D2100FDB19375875008E4D72 = {
			isa = PBXGroup;
			children = (
				D2100FEF19375875008E4D72 /* AlertView */,
				D210100C19375875008E4D72 /* AlertViewTests */,
				D2100FE619375875008E4D72 /* Frameworks */,
				D2100FE519375875008E4D72 /* Products */,
			);
			sourceTree = "<group>";
		};
		D2100FE519375875008E4D72 /* Products */ = {
			isa = PBXGroup;
			children = (
				D2100FE419375875008E4D72 /* AlertView.app */,
				D210100419375875008E4D72 /* AlertViewTests.xctest */,
			);
			name = Products;
			sourceTree = "<group>";
		};
		D2100FE619375875008E4D72 /* Frameworks */ = {
			isa = PBXGroup;
			children = (
				D2100FE719375875008E4D72 /* Foundation.framework */,
				D2100FE919375875008E4D72 /* CoreGraphics.framework */,
				D2100FEB19375875008E4D72 /* UIKit.framework */,
				D2100FED19375875008E4D72 /* CoreData.framework */,
				D210100519375875008E4D72 /* XCTest.framework */,
			);
			name = Frameworks;
			sourceTree = "<group>";
		};
		D2100FEF19375875008E4D72 /* AlertView */ = {
			isa = PBXGroup;
			children = (
				D2100FF819375875008E4D72 /* MJAppDelegate.h */,
				D2100FF919375875008E4D72 /* MJAppDelegate.m */,
				D210101C19375954008E4D72 /* MJAlertViewManager.h */,
				D210101D19375954008E4D72 /* MJAlertViewManager.m */,
				D210101F1937595D008E4D72 /* MJAlertView.h */,
				D21010201937595D008E4D72 /* MJAlertView.m */,
				D210102219375B00008E4D72 /* MJViewController.h */,
				D210102319375B00008E4D72 /* MJViewController.m */,
				D210102419375B00008E4D72 /* MJViewController.xib */,
				D2100FFE19375875008E4D72 /* Images.xcassets */,
				D2100FF019375875008E4D72 /* Supporting Files */,
			);
			path = AlertView;
			sourceTree = "<group>";
		};
		D2100FF019375875008E4D72 /* Supporting Files */ = {
			isa = PBXGroup;
			children = (
				D2100FF119375875008E4D72 /* AlertView-Info.plist */,
				D2100FF219375875008E4D72 /* InfoPlist.strings */,
				D2100FF519375875008E4D72 /* main.m */,
				D2100FF719375875008E4D72 /* AlertView-Prefix.pch */,
			);
			name = "Supporting Files";
			sourceTree = "<group>";
		};
		D210100C19375875008E4D72 /* AlertViewTests */ = {
			isa = PBXGroup;
			children = (
				D210101219375875008E4D72 /* AlertViewTests.m */,
				D210100D19375875008E4D72 /* Supporting Files */,
			);
			path = AlertViewTests;
			sourceTree = "<group>";
		};
		D210100D19375875008E4D72 /* Supporting Files */ = {
			isa = PBXGroup;
			children = (
				D210100E19375875008E4D72 /* AlertViewTests-Info.plist */,
				D210100F19375875008E4D72 /* InfoPlist.strings */,
			);
			name = "Supporting Files";
			sourceTree = "<group>";
		};
/* End PBXGroup section */

/* Begin PBXNativeTarget section */
		D2100FE319375875008E4D72 /* AlertView */ = {
			isa = PBXNativeTarget;
			buildConfigurationList = D210101619375875008E4D72 /* Build configuration list for PBXNativeTarget "AlertView" */;
			buildPhases = (
				D2100FE019375875008E4D72 /* Sources */,
				D2100FE119375875008E4D72 /* Frameworks */,
				D2100FE219375875008E4D72 /* Resources */,
			);
			buildRules = (
			);
			dependencies = (
			);
			name = AlertView;
			productName = AlertView;
			productReference = D2100FE419375875008E4D72 /* AlertView.app */;
			productType = "com.apple.product-type.application";
		};
		D210100319375875008E4D72 /* AlertViewTests */ = {
			isa = PBXNativeTarget;
			buildConfigurationList = D210101919375875008E4D72 /* Build configuration list for PBXNativeTarget "AlertViewTests" */;
			buildPhases = (
				D210100019375875008E4D72 /* Sources */,
				D210100119375875008E4D72 /* Frameworks */,
				D210100219375875008E4D72 /* Resources */,
			);
			buildRules = (
			);
			dependencies = (
				D210100B19375875008E4D72 /* PBXTargetDependency */,
			);
			name = AlertViewTests;
			productName = AlertViewTests;
			productReference = D210100419375875008E4D72 /* AlertViewTests.xctest */;
			productType = "com.apple.product-type.bundle.unit-test";
		};
/* End PBXNativeTarget section */

/* Begin PBXProject section */
		D2100FDC19375875008E4D72 /* Project object */ = {
			isa = PBXProject;
			attributes = {
				CLASSPREFIX = MJ;
				LastUpgradeCheck = 0510;
				ORGANIZATIONNAME = "Mobile Jazz";
				TargetAttributes = {
					D2100FE319375875008E4D72 = {
						DevelopmentTeam = 3VP5WS89TZ;
					};
					D210100319375875008E4D72 = {
						TestTargetID = D2100FE319375875008E4D72;
					};
				};
			};
			buildConfigurationList = D2100FDF19375875008E4D72 /* Build configuration list for PBXProject "AlertView" */;
			compatibilityVersion = "Xcode 3.2";
			developmentRegion = English;
			hasScannedForEncodings = 0;
			knownRegions = (
				en,
			);
			mainGroup = D2100FDB19375875008E4D72;
			productRefGroup = D2100FE519375875008E4D72 /* Products */;
			projectDirPath = "";
			projectRoot = "";
			targets = (
				D2100FE319375875008E4D72 /* AlertView */,
				D210100319375875008E4D72 /* AlertViewTests */,
			);
		};
/* End PBXProject section */

/* Begin PBXResourcesBuildPhase section */
		D2100FE219375875008E4D72 /* Resources */ = {
			isa = PBXResourcesBuildPhase;
			buildActionMask = 2147483647;
			files = (
				D2100FF419375875008E4D72 /* InfoPlist.strings in Resources */,
				D2100FFF19375875008E4D72 /* Images.xcassets in Resources */,
				D210102619375B00008E4D72 /* MJViewController.xib in Resources */,
			);
			runOnlyForDeploymentPostprocessing = 0;
		};
		D210100219375875008E4D72 /* Resources */ = {
			isa = PBXResourcesBuildPhase;
			buildActionMask = 2147483647;
			files = (
				D210101119375875008E4D72 /* InfoPlist.strings in Resources */,
			);
			runOnlyForDeploymentPostprocessing = 0;
		};
/* End PBXResourcesBuildPhase section */

/* Begin PBXSourcesBuildPhase section */
		D2100FE019375875008E4D72 /* Sources */ = {
			isa = PBXSourcesBuildPhase;
			buildActionMask = 2147483647;
			files = (
				D210102519375B00008E4D72 /* MJViewController.m in Sources */,
				D210101E19375954008E4D72 /* MJAlertViewManager.m in Sources */,
				D2100FF619375875008E4D72 /* main.m in Sources */,
				D21010211937595D008E4D72 /* MJAlertView.m in Sources */,
				D2100FFA19375875008E4D72 /* MJAppDelegate.m in Sources */,
			);
			runOnlyForDeploymentPostprocessing = 0;
		};
		D210100019375875008E4D72 /* Sources */ = {
			isa = PBXSourcesBuildPhase;
			buildActionMask = 2147483647;
			files = (
				D210101319375875008E4D72 /* AlertViewTests.m in Sources */,
			);
			runOnlyForDeploymentPostprocessing = 0;
		};
/* End PBXSourcesBuildPhase section */

/* Begin PBXTargetDependency section */
		D210100B19375875008E4D72 /* PBXTargetDependency */ = {
			isa = PBXTargetDependency;
			target = D2100FE319375875008E4D72 /* AlertView */;
			targetProxy = D210100A19375875008E4D72 /* PBXContainerItemProxy */;
		};
/* End PBXTargetDependency section */

/* Begin PBXVariantGroup section */
		D2100FF219375875008E4D72 /* InfoPlist.strings */ = {
			isa = PBXVariantGroup;
			children = (
				D2100FF319375875008E4D72 /* en */,
			);
			name = InfoPlist.strings;
			sourceTree = "<group>";
		};
		D210100F19375875008E4D72 /* InfoPlist.strings */ = {
			isa = PBXVariantGroup;
			children = (
				D210101019375875008E4D72 /* en */,
			);
			name = InfoPlist.strings;
			sourceTree = "<group>";
		};
/* End PBXVariantGroup section */

/* Begin XCBuildConfiguration section */
		D210101419375875008E4D72 /* Debug */ = {
			isa = XCBuildConfiguration;
			buildSettings = {
				ALWAYS_SEARCH_USER_PATHS = NO;
				CLANG_CXX_LANGUAGE_STANDARD = "gnu++0x";
				CLANG_CXX_LIBRARY = "libc++";
				CLANG_ENABLE_MODULES = YES;
				CLANG_ENABLE_OBJC_ARC = YES;
				CLANG_WARN_BOOL_CONVERSION = YES;
				CLANG_WARN_CONSTANT_CONVERSION = YES;
				CLANG_WARN_DIRECT_OBJC_ISA_USAGE = YES_ERROR;
				CLANG_WARN_EMPTY_BODY = YES;
				CLANG_WARN_ENUM_CONVERSION = YES;
				CLANG_WARN_INT_CONVERSION = YES;
				CLANG_WARN_OBJC_ROOT_CLASS = YES_ERROR;
				CLANG_WARN__DUPLICATE_METHOD_MATCH = YES;
				"CODE_SIGN_IDENTITY[sdk=iphoneos*]" = "iPhone Developer";
				COPY_PHASE_STRIP = NO;
				GCC_C_LANGUAGE_STANDARD = gnu99;
				GCC_DYNAMIC_NO_PIC = NO;
				GCC_OPTIMIZATION_LEVEL = 0;
				GCC_PREPROCESSOR_DEFINITIONS = (
					"DEBUG=1",
					"$(inherited)",
				);
				GCC_SYMBOLS_PRIVATE_EXTERN = NO;
				GCC_WARN_64_TO_32_BIT_CONVERSION = YES;
				GCC_WARN_ABOUT_RETURN_TYPE = YES_ERROR;
				GCC_WARN_UNDECLARED_SELECTOR = YES;
				GCC_WARN_UNINITIALIZED_AUTOS = YES_AGGRESSIVE;
				GCC_WARN_UNUSED_FUNCTION = YES;
				GCC_WARN_UNUSED_VARIABLE = YES;
				IPHONEOS_DEPLOYMENT_TARGET = 7.1;
				ONLY_ACTIVE_ARCH = YES;
				SDKROOT = iphoneos;
			};
			name = Debug;
		};
		D210101519375875008E4D72 /* Release */ = {
			isa = XCBuildConfiguration;
			buildSettings = {
				ALWAYS_SEARCH_USER_PATHS = NO;
				CLANG_CXX_LANGUAGE_STANDARD = "gnu++0x";
				CLANG_CXX_LIBRARY = "libc++";
				CLANG_ENABLE_MODULES = YES;
				CLANG_ENABLE_OBJC_ARC = YES;
				CLANG_WARN_BOOL_CONVERSION = YES;
				CLANG_WARN_CONSTANT_CONVERSION = YES;
				CLANG_WARN_DIRECT_OBJC_ISA_USAGE = YES_ERROR;
				CLANG_WARN_EMPTY_BODY = YES;
				CLANG_WARN_ENUM_CONVERSION = YES;
				CLANG_WARN_INT_CONVERSION = YES;
				CLANG_WARN_OBJC_ROOT_CLASS = YES_ERROR;
				CLANG_WARN__DUPLICATE_METHOD_MATCH = YES;
				"CODE_SIGN_IDENTITY[sdk=iphoneos*]" = "iPhone Developer";
				COPY_PHASE_STRIP = YES;
				ENABLE_NS_ASSERTIONS = NO;
				GCC_C_LANGUAGE_STANDARD = gnu99;
				GCC_WARN_64_TO_32_BIT_CONVERSION = YES;
				GCC_WARN_ABOUT_RETURN_TYPE = YES_ERROR;
				GCC_WARN_UNDECLARED_SELECTOR = YES;
				GCC_WARN_UNINITIALIZED_AUTOS = YES_AGGRESSIVE;
				GCC_WARN_UNUSED_FUNCTION = YES;
				GCC_WARN_UNUSED_VARIABLE = YES;
				IPHONEOS_DEPLOYMENT_TARGET = 7.1;
				SDKROOT = iphoneos;
				VALIDATE_PRODUCT = YES;
			};
			name = Release;
		};
		D210101719375875008E4D72 /* Debug */ = {
			isa = XCBuildConfiguration;
			buildSettings = {
				ASSETCATALOG_COMPILER_APPICON_NAME = AppIcon;
				ASSETCATALOG_COMPILER_LAUNCHIMAGE_NAME = LaunchImage;
				CODE_SIGN_IDENTITY = "iPhone Developer";
				GCC_PRECOMPILE_PREFIX_HEADER = YES;
				GCC_PREFIX_HEADER = "AlertView/AlertView-Prefix.pch";
				INFOPLIST_FILE = "AlertView/AlertView-Info.plist";
				PRODUCT_NAME = "$(TARGET_NAME)";
				WRAPPER_EXTENSION = app;
			};
			name = Debug;
		};
		D210101819375875008E4D72 /* Release */ = {
			isa = XCBuildConfiguration;
			buildSettings = {
				ASSETCATALOG_COMPILER_APPICON_NAME = AppIcon;
				ASSETCATALOG_COMPILER_LAUNCHIMAGE_NAME = LaunchImage;
				CODE_SIGN_IDENTITY = "iPhone Developer";
				GCC_PRECOMPILE_PREFIX_HEADER = YES;
				GCC_PREFIX_HEADER = "AlertView/AlertView-Prefix.pch";
				INFOPLIST_FILE = "AlertView/AlertView-Info.plist";
				PRODUCT_NAME = "$(TARGET_NAME)";
				WRAPPER_EXTENSION = app;
			};
			name = Release;
		};
		D210101A19375875008E4D72 /* Debug */ = {
			isa = XCBuildConfiguration;
			buildSettings = {
				BUNDLE_LOADER = "$(BUILT_PRODUCTS_DIR)/AlertView.app/AlertView";
				FRAMEWORK_SEARCH_PATHS = (
					"$(SDKROOT)/Developer/Library/Frameworks",
					"$(inherited)",
					"$(DEVELOPER_FRAMEWORKS_DIR)",
				);
				GCC_PRECOMPILE_PREFIX_HEADER = YES;
				GCC_PREFIX_HEADER = "AlertView/AlertView-Prefix.pch";
				GCC_PREPROCESSOR_DEFINITIONS = (
					"DEBUG=1",
					"$(inherited)",
				);
				INFOPLIST_FILE = "AlertViewTests/AlertViewTests-Info.plist";
				PRODUCT_NAME = "$(TARGET_NAME)";
				TEST_HOST = "$(BUNDLE_LOADER)";
				WRAPPER_EXTENSION = xctest;
			};
			name = Debug;
		};
		D210101B19375875008E4D72 /* Release */ = {
			isa = XCBuildConfiguration;
			buildSettings = {
				BUNDLE_LOADER = "$(BUILT_PRODUCTS_DIR)/AlertView.app/AlertView";
				FRAMEWORK_SEARCH_PATHS = (
					"$(SDKROOT)/Developer/Library/Frameworks",
					"$(inherited)",
					"$(DEVELOPER_FRAMEWORKS_DIR)",
				);
				GCC_PRECOMPILE_PREFIX_HEADER = YES;
				GCC_PREFIX_HEADER = "AlertView/AlertView-Prefix.pch";
				INFOPLIST_FILE = "AlertViewTests/AlertViewTests-Info.plist";
				PRODUCT_NAME = "$(TARGET_NAME)";
				TEST_HOST = "$(BUNDLE_LOADER)";
				WRAPPER_EXTENSION = xctest;
			};
			name = Release;
		};
/* End XCBuildConfiguration section */

/* Begin XCConfigurationList section */
		D2100FDF19375875008E4D72 /* Build configuration list for PBXProject "AlertView" */ = {
			isa = XCConfigurationList;
			buildConfigurations = (
				D210101419375875008E4D72 /* Debug */,
				D210101519375875008E4D72 /* Release */,
			);
			defaultConfigurationIsVisible = 0;
			defaultConfigurationName = Release;
		};
		D210101619375875008E4D72 /* Build configuration list for PBXNativeTarget "AlertView" */ = {
			isa = XCConfigurationList;
			buildConfigurations = (
				D210101719375875008E4D72 /* Debug */,
				D210101819375875008E4D72 /* Release */,
			);
			defaultConfigurationIsVisible = 0;
			defaultConfigurationName = Release;
		};
		D210101919375875008E4D72 /* Build configuration list for PBXNativeTarget "AlertViewTests" */ = {
			isa = XCConfigurationList;
			buildConfigurations = (
				D210101A19375875008E4D72 /* Debug */,
				D210101B19375875008E4D72 /* Release */,
			);
			defaultConfigurationIsVisible = 0;
			defaultConfigurationName = Release;
		};
/* End XCConfigurationList section */
	};
	rootObject = D2100FDC19375875008E4D72 /* Project object */;
}
